
Microsoft Visual Studio Solution File, Format Version 12.00
# Visual Studio Version 16
VisualStudioVersion = 16.0.31321.278
MinimumVisualStudioVersion = 10.0.40219.1
Project("{FAE04EC0-301F-11D3-BF4B-00C04F79EFBC}") = "TPC_Larroca_Vasquez", "TPC_Larroca_Vasquez.csproj", "{B237BFAF-70DA-45A7-B5A7-BD80CE3DEE39}"
EndProject
Project("{FAE04EC0-301F-11D3-BF4B-00C04F79EFBC}") = "Dominio", "..\Dominio\Dominio.csproj", "{4F43D8EE-21C7-4B97-A359-46D0F661FCF7}"
EndProject
Project("{FAE04EC0-301F-11D3-BF4B-00C04F79EFBC}") = "Negocio", "..\Negocio\Negocio.csproj", "{4018BD07-4229-4521-804D-99D9FE870A9C}"
EndProject
Global
	GlobalSection(SolutionConfigurationPlatforms) = preSolution
		Debug|Any CPU = Debug|Any CPU
		Release|Any CPU = Release|Any CPU
	EndGlobalSection
	GlobalSection(ProjectConfigurationPlatforms) = postSolution
		{B237BFAF-70DA-45A7-B5A7-BD80CE3DEE39}.Debug|Any CPU.ActiveCfg = Debug|Any CPU
		{B237BFAF-70DA-45A7-B5A7-BD80CE3DEE39}.Debug|Any CPU.Build.0 = Debug|Any CPU
		{B237BFAF-70DA-45A7-B5A7-BD80CE3DEE39}.Release|Any CPU.ActiveCfg = Release|Any CPU
		{B237BFAF-70DA-45A7-B5A7-BD80CE3DEE39}.Release|Any CPU.Build.0 = Release|Any CPU
		{4F43D8EE-21C7-4B97-A359-46D0F661FCF7}.Debug|Any CPU.ActiveCfg = Debug|Any CPU
		{4F43D8EE-21C7-4B97-A359-46D0F661FCF7}.Debug|Any CPU.Build.0 = Debug|Any CPU
		{4F43D8EE-21C7-4B97-A359-46D0F661FCF7}.Release|Any CPU.ActiveCfg = Release|Any CPU
		{4F43D8EE-21C7-4B97-A359-46D0F661FCF7}.Release|Any CPU.Build.0 = Release|Any CPU
		{4018BD07-4229-4521-804D-99D9FE870A9C}.Debug|Any CPU.ActiveCfg = Debug|Any CPU
		{4018BD07-4229-4521-804D-99D9FE870A9C}.Debug|Any CPU.Build.0 = Debug|Any CPU
		{4018BD07-4229-4521-804D-99D9FE870A9C}.Release|Any CPU.ActiveCfg = Release|Any CPU
		{4018BD07-4229-4521-804D-99D9FE870A9C}.Release|Any CPU.Build.0 = Release|Any CPU
	EndGlobalSection
	GlobalSection(SolutionProperties) = preSolution
		HideSolutionNode = FALSE
	EndGlobalSection
	GlobalSection(ExtensibilityGlobals) = postSolution
		SolutionGuid = {8B61F142-B89A-4FFE-9BCE-07D537F74F26}
	EndGlobalSection
EndGlobal
